[[package]]
name = "asgiref"
version = "3.5.2"
description = "ASGI specs, helper code, and adapters"
category = "main"
optional = false
python-versions = ">=3.7"

[package.extras]
tests = ["pytest", "pytest-asyncio", "mypy (>=0.800)"]

[[package]]
name = "django"
version = "4.0.5"
description = "A high-level Python web framework that encourages rapid development and clean, pragmatic design."
category = "main"
optional = false
python-versions = ">=3.8"

[package.dependencies]
asgiref = ">=3.4.1,<4"
sqlparse = ">=0.2.2"
tzdata = {version = "*", markers = "sys_platform == \"win32\""}

[package.extras]
argon2 = ["argon2-cffi (>=19.1.0)"]
bcrypt = ["bcrypt"]

[[package]]
name = "django-stubs"
version = "1.11.0"
description = "Mypy stubs for Django"
category = "dev"
optional = false
python-versions = ">=3.7"

[package.dependencies]
django = "*"
django-stubs-ext = ">=0.4.0"
mypy = ">=0.930,<0.960"
tomli = "*"
types-pytz = "*"
types-PyYAML = "*"
typing-extensions = "*"

[[package]]
name = "django-stubs-ext"
version = "0.4.0"
description = "Monkey-patching and extensions for django-stubs"
category = "dev"
optional = false
python-versions = ">=3.6"

[package.dependencies]
django = "*"
typing-extensions = "*"

[[package]]
name = "mypy"
version = "0.950"
description = "Optional static typing for Python"
category = "dev"
optional = false
python-versions = ">=3.6"

[package.dependencies]
mypy-extensions = ">=0.4.3"
tomli = {version = ">=1.1.0", markers = "python_version < \"3.11\""}
typing-extensions = ">=3.10"

[package.extras]
dmypy = ["psutil (>=4.0)"]
python2 = ["typed-ast (>=1.4.0,<2)"]
reports = ["lxml"]

[[package]]
name = "mypy-extensions"
version = "0.4.3"
description = "Experimental type system extensions for programs checked with the mypy typechecker."
category = "dev"
optional = false
python-versions = "*"

[[package]]
name = "sqlparse"
version = "0.4.2"
description = "A non-validating SQL parser."
category = "main"
optional = false
python-versions = ">=3.5"

[[package]]
name = "tomli"
version = "2.0.1"
description = "A lil' TOML parser"
category = "dev"
optional = false
python-versions = ">=3.7"

[[package]]
name = "types-pytz"
version = "2021.3.8"
description = "Typing stubs for pytz"
category = "dev"
optional = false
python-versions = "*"

[[package]]
name = "types-pyyaml"
version = "6.0.8"
description = "Typing stubs for PyYAML"
category = "dev"
optional = false
python-versions = "*"

[[package]]
name = "typing-extensions"
version = "4.2.0"
description = "Backported and Experimental Type Hints for Python 3.7+"
category = "dev"
optional = false
python-versions = ">=3.7"

[[package]]
name = "tzdata"
version = "2022.1"
description = "Provider of IANA time zone data"
category = "main"
optional = false
python-versions = ">=2"

[metadata]
lock-version = "1.1"
python-versions = "3.10.2"
content-hash = "2420dff5c6fe220afb7c0b22888e1952659f270a8bdd5355ba4d4f6edfcea0e6"

[metadata.files]
asgiref = [
    {file = "asgiref-3.5.2-py3-none-any.whl", hash = "sha256:1d2880b792ae8757289136f1db2b7b99100ce959b2aa57fd69dab783d05afac4"},
    {file = "asgiref-3.5.2.tar.gz", hash = "sha256:4a29362a6acebe09bf1d6640db38c1dc3d9217c68e6f9f6204d72667fc19a424"},
]
django = [
    {file = "Django-4.0.5-py3-none-any.whl", hash = "sha256:502ae42b6ab1b612c933fb50d5ff850facf858a4c212f76946ecd8ea5b3bf2d9"},
    {file = "Django-4.0.5.tar.gz", hash = "sha256:f7431a5de7277966f3785557c3928433347d998c1e6459324501378a291e5aab"},
]
django-stubs = [
    {file = "django-stubs-1.11.0.tar.gz", hash = "sha256:11a4aa094d3da0108d268386dfd0b9a5bf73fe1ab5919b5a292607671329bc4b"},
    {file = "django_stubs-1.11.0-py3-none-any.whl", hash = "sha256:e9362c0992414560fc6d2f91aa4dd8339b1cbbf7ddacc95b06cc219b1792d217"},
]
django-stubs-ext = [
    {file = "django-stubs-ext-0.4.0.tar.gz", hash = "sha256:3104c4748c34bd741c310a3e6af90dffba46e41bccbe243896e38a708262876b"},
    {file = "django_stubs_ext-0.4.0-py3-none-any.whl", hash = "sha256:901fc77b6338ea29fa381300ff598dd57d461a4882b756404e2aa7724f76fd7d"},
]
mypy = [
    {file = "mypy-0.950-cp310-cp310-macosx_10_9_universal2.whl", hash = "sha256:cf9c261958a769a3bd38c3e133801ebcd284ffb734ea12d01457cb09eacf7d7b"},
    {file = "mypy-0.950-cp310-cp310-macosx_10_9_x86_64.whl", hash = "sha256:b5b5bd0ffb11b4aba2bb6d31b8643902c48f990cc92fda4e21afac658044f0c0"},
    {file = "mypy-0.950-cp310-cp310-macosx_11_0_arm64.whl", hash = "sha256:5e7647df0f8fc947388e6251d728189cfadb3b1e558407f93254e35abc026e22"},
    {file = "mypy-0.950-cp310-cp310-manylinux_2_5_x86_64.manylinux1_x86_64.manylinux_2_12_x86_64.manylinux2010_x86_64.whl", hash = "sha256:eaff8156016487c1af5ffa5304c3e3fd183edcb412f3e9c72db349faf3f6e0eb"},
    {file = "mypy-0.950-cp310-cp310-win_amd64.whl", hash = "sha256:563514c7dc504698fb66bb1cf897657a173a496406f1866afae73ab5b3cdb334"},
    {file = "mypy-0.950-cp36-cp36m-macosx_10_9_x86_64.whl", hash = "sha256:dd4d670eee9610bf61c25c940e9ade2d0ed05eb44227275cce88701fee014b1f"},
    {file = "mypy-0.950-cp36-cp36m-manylinux_2_5_x86_64.manylinux1_x86_64.manylinux_2_12_x86_64.manylinux2010_x86_64.whl", hash = "sha256:ca75ecf2783395ca3016a5e455cb322ba26b6d33b4b413fcdedfc632e67941dc"},
    {file = "mypy-0.950-cp36-cp36m-win_amd64.whl", hash = "sha256:6003de687c13196e8a1243a5e4bcce617d79b88f83ee6625437e335d89dfebe2"},
    {file = "mypy-0.950-cp37-cp37m-macosx_10_9_x86_64.whl", hash = "sha256:4c653e4846f287051599ed8f4b3c044b80e540e88feec76b11044ddc5612ffed"},
    {file = "mypy-0.950-cp37-cp37m-manylinux_2_5_x86_64.manylinux1_x86_64.manylinux_2_12_x86_64.manylinux2010_x86_64.whl", hash = "sha256:e19736af56947addedce4674c0971e5dceef1b5ec7d667fe86bcd2b07f8f9075"},
    {file = "mypy-0.950-cp37-cp37m-win_amd64.whl", hash = "sha256:ef7beb2a3582eb7a9f37beaf38a28acfd801988cde688760aea9e6cc4832b10b"},
    {file = "mypy-0.950-cp38-cp38-macosx_10_9_universal2.whl", hash = "sha256:0112752a6ff07230f9ec2f71b0d3d4e088a910fdce454fdb6553e83ed0eced7d"},
    {file = "mypy-0.950-cp38-cp38-macosx_10_9_x86_64.whl", hash = "sha256:ee0a36edd332ed2c5208565ae6e3a7afc0eabb53f5327e281f2ef03a6bc7687a"},
    {file = "mypy-0.950-cp38-cp38-macosx_11_0_arm64.whl", hash = "sha256:77423570c04aca807508a492037abbd72b12a1fb25a385847d191cd50b2c9605"},
    {file = "mypy-0.950-cp38-cp38-manylinux_2_5_x86_64.manylinux1_x86_64.manylinux_2_12_x86_64.manylinux2010_x86_64.whl", hash = "sha256:5ce6a09042b6da16d773d2110e44f169683d8cc8687e79ec6d1181a72cb028d2"},
    {file = "mypy-0.950-cp38-cp38-win_amd64.whl", hash = "sha256:5b231afd6a6e951381b9ef09a1223b1feabe13625388db48a8690f8daa9b71ff"},
    {file = "mypy-0.950-cp39-cp39-macosx_10_9_universal2.whl", hash = "sha256:0384d9f3af49837baa92f559d3fa673e6d2652a16550a9ee07fc08c736f5e6f8"},
    {file = "mypy-0.950-cp39-cp39-macosx_10_9_x86_64.whl", hash = "sha256:1fdeb0a0f64f2a874a4c1f5271f06e40e1e9779bf55f9567f149466fc7a55038"},
    {file = "mypy-0.950-cp39-cp39-macosx_11_0_arm64.whl", hash = "sha256:61504b9a5ae166ba5ecfed9e93357fd51aa693d3d434b582a925338a2ff57fd2"},
    {file = "mypy-0.950-cp39-cp39-manylinux_2_5_x86_64.manylinux1_x86_64.manylinux_2_12_x86_64.manylinux2010_x86_64.whl", hash = "sha256:a952b8bc0ae278fc6316e6384f67bb9a396eb30aced6ad034d3a76120ebcc519"},
    {file = "mypy-0.950-cp39-cp39-win_amd64.whl", hash = "sha256:eaea21d150fb26d7b4856766e7addcf929119dd19fc832b22e71d942835201ef"},
    {file = "mypy-0.950-py3-none-any.whl", hash = "sha256:a4d9898f46446bfb6405383b57b96737dcfd0a7f25b748e78ef3e8c576bba3cb"},
    {file = "mypy-0.950.tar.gz", hash = "sha256:1b333cfbca1762ff15808a0ef4f71b5d3eed8528b23ea1c3fb50543c867d68de"},
]
mypy-extensions = [
    {file = "mypy_extensions-0.4.3-py2.py3-none-any.whl", hash = "sha256:090fedd75945a69ae91ce1303b5824f428daf5a028d2f6ab8a299250a846f15d"},
    {file = "mypy_extensions-0.4.3.tar.gz", hash = "sha256:2d82818f5bb3e369420cb3c4060a7970edba416647068eb4c5343488a6c604a8"},
]
sqlparse = [
    {file = "sqlparse-0.4.2-py3-none-any.whl", hash = "sha256:48719e356bb8b42991bdbb1e8b83223757b93789c00910a616a071910ca4a64d"},
    {file = "sqlparse-0.4.2.tar.gz", hash = "sha256:0c00730c74263a94e5a9919ade150dfc3b19c574389985446148402998287dae"},
]
tomli = [
    {file = "tomli-2.0.1-py3-none-any.whl", hash = "sha256:939de3e7a6161af0c887ef91b7d41a53e7c5a1ca976325f429cb46ea9bc30ecc"},
    {file = "tomli-2.0.1.tar.gz", hash = "sha256:de526c12914f0c550d15924c62d72abc48d6fe7364aa87328337a31007fe8a4f"},
]
types-pytz = [
    {file = "types-pytz-2021.3.8.tar.gz", hash = "sha256:41253a3a2bf028b6a3f17b58749a692d955af0f74e975de94f6f4d2d3cd01dbd"},
    {file = "types_pytz-2021.3.8-py3-none-any.whl", hash = "sha256:aef4a917ab28c585d3f474bfce4f4b44b91e95d9d47d4de29dd845e0db8e3910"},
]
types-pyyaml = [
    {file = "types-PyYAML-6.0.8.tar.gz", hash = "sha256:d9495d377bb4f9c5387ac278776403eb3b4bb376851025d913eea4c22b4c6438"},
    {file = "types_PyYAML-6.0.8-py3-none-any.whl", hash = "sha256:56a7b0e8109602785f942a11ebfbd16e97d5d0e79f5fbb077ec4e6a0004837ff"},
]
typing-extensions = [
    {file = "typing_extensions-4.2.0-py3-none-any.whl", hash = "sha256:6657594ee297170d19f67d55c05852a874e7eb634f4f753dbd667855e07c1708"},
    {file = "typing_extensions-4.2.0.tar.gz", hash = "sha256:f1c24655a0da0d1b67f07e17a5e6b2a105894e6824b92096378bb3668ef02376"},
]
tzdata = [
    {file = "tzdata-2022.1-py2.py3-none-any.whl", hash = "sha256:238e70234214138ed7b4e8a0fab0e5e13872edab3be586ab8198c407620e2ab9"},
    {file = "tzdata-2022.1.tar.gz", hash = "sha256:8b536a8ec63dc0751342b3984193a3118f8fca2afe25752bb9b7fffd398552d3"},
]
